{
  "version": 4,
  "terraform_version": "1.3.1",
  "serial": 1687,
  "lineage": "2e8b6ab4-31cd-80a4-f4b5-f379e104a6f5",
  "outputs": {},
  "resources": [
    {
      "module": "module.LT",
      "mode": "managed",
      "type": "aws_autoscaling_group",
      "name": "ngnix_asg",
      "provider": "provider[\"registry.terraform.io/hashicorp/aws\"]",
      "instances": [
        {
          "status": "tainted",
          "schema_version": 0,
          "attributes": {
            "arn": "arn:aws:autoscaling:us-west-2:402175803843:autoScalingGroup:e6c7fc7b-ffa7-448f-814e-4d70669d86e5:autoScalingGroupName/ngnix_asg20221021124208860600000004",
            "availability_zones": [
              "us-west-2b",
              "us-west-2c"
            ],
            "capacity_rebalance": false,
            "context": "",
            "default_cooldown": 300,
            "default_instance_warmup": 0,
            "desired_capacity": 2,
            "enabled_metrics": [],
            "force_delete": false,
            "force_delete_warm_pool": false,
            "health_check_grace_period": 60,
            "health_check_type": "EC2",
            "id": "ngnix_asg20221021124208860600000004",
            "initial_lifecycle_hook": [
              {
                "default_result": "ABANDON",
                "heartbeat_timeout": 1000,
                "lifecycle_transition": "autoscaling:EC2_INSTANCE_LAUNCHING",
                "name": "lifecycle-launching",
                "notification_metadata": "",
                "notification_target_arn": "arn:aws:sns:us-west-2:402175803843:ngnix_main_vpc-my_ngnix_asg_handler",
                "role_arn": "arn:aws:iam::402175803843:role/ngnix_main_vpc-my_ngnix_asg_handler-lifecycle"
              },
              {
                "default_result": "ABANDON",
                "heartbeat_timeout": 1000,
                "lifecycle_transition": "autoscaling:EC2_INSTANCE_TERMINATING",
                "name": "lifecycle-terminating",
                "notification_metadata": "",
                "notification_target_arn": "arn:aws:sns:us-west-2:402175803843:ngnix_main_vpc-my_ngnix_asg_handler",
                "role_arn": "arn:aws:iam::402175803843:role/ngnix_main_vpc-my_ngnix_asg_handler-lifecycle"
              }
            ],
            "instance_refresh": [],
            "launch_configuration": "",
            "launch_template": [
              {
                "id": "lt-0a216cc3fcb859979",
                "name": "ngnix_launch20221021124201807000000002",
                "version": "$Latest"
              }
            ],
            "load_balancers": [],
            "max_instance_lifetime": 0,
            "max_size": 6,
            "metrics_granularity": "1Minute",
            "min_elb_capacity": null,
            "min_size": 1,
            "mixed_instances_policy": [],
            "name": "ngnix_asg20221021124208860600000004",
            "name_prefix": "ngnix_asg",
            "placement_group": "",
            "protect_from_scale_in": false,
            "service_linked_role_arn": "arn:aws:iam::402175803843:role/aws-service-role/autoscaling.amazonaws.com/AWSServiceRoleForAutoScaling",
            "suspended_processes": [],
            "tag": [],
            "tags": null,
            "target_group_arns": [
              "arn:aws:elasticloadbalancing:us-west-2:402175803843:targetgroup/ngnix-tg/51ab2ac7ad46b93d"
            ],
            "termination_policies": [],
            "timeouts": null,
            "vpc_zone_identifier": [
              "subnet-035ed6dc6aef46514",
              "subnet-0e477a99c84ea0547"
            ],
            "wait_for_capacity_timeout": "10m",
            "wait_for_elb_capacity": null,
            "warm_pool": []
          },
          "sensitive_attributes": [],
          "private": "eyJlMmJmYjczMC1lY2FhLTExZTYtOGY4OC0zNDM2M2JjN2M0YzAiOnsiZGVsZXRlIjo2MDAwMDAwMDAwMDAsInVwZGF0ZSI6NjAwMDAwMDAwMDAwfX0=",
          "dependencies": [
            "module.LT.aws_launch_template.ngnix_launch",
            "module.LT.aws_lb_target_group.ngnix_tg",
            "module.LT.aws_security_group.nginx_sg",
            "module.LT.module.IAM.aws_iam_instance_profile.nginx_profile",
            "module.LT.module.IAM.aws_iam_role.ngnix_role",
            "module.LT.module.VPC.aws_subnet.public_subnetA",
            "module.LT.module.VPC.aws_subnet.public_subnetB",
            "module.LT.module.VPC.aws_vpc.main",
            "module.LT.module.autoscale_dns.aws_iam_role.lifecycle",
            "module.LT.module.autoscale_dns.aws_sns_topic.autoscale_handling",
            "module.LT.module.autoscale_dns.data.aws_iam_policy_document.lifecycle"
          ]
        }
      ]
    },
    {
      "module": "module.LT",
      "mode": "managed",
      "type": "aws_launch_template",
      "name": "ngnix_launch",
      "provider": "provider[\"registry.terraform.io/hashicorp/aws\"]",
      "instances": [
        {
          "schema_version": 0,
          "attributes": {
            "arn": "arn:aws:ec2:us-west-2:402175803843:launch-template/lt-0a216cc3fcb859979",
            "block_device_mappings": [
              {
                "device_name": "/dev/sda1",
                "ebs": [
                  {
                    "delete_on_termination": "",
                    "encrypted": "",
                    "iops": 0,
                    "kms_key_id": "",
                    "snapshot_id": "",
                    "throughput": 0,
                    "volume_size": 20,
                    "volume_type": ""
                  }
                ],
                "no_device": "",
                "virtual_name": ""
              }
            ],
            "capacity_reservation_specification": [],
            "cpu_options": [],
            "credit_specification": [],
            "default_version": 1,
            "description": "",
            "disable_api_stop": false,
            "disable_api_termination": false,
            "ebs_optimized": "",
            "elastic_gpu_specifications": [],
            "elastic_inference_accelerator": [],
            "enclave_options": [],
            "hibernation_options": [],
            "iam_instance_profile": [
              {
                "arn": "arn:aws:iam::402175803843:instance-profile/nginx_profile",
                "name": ""
              }
            ],
            "id": "lt-0a216cc3fcb859979",
            "image_id": "ami-08d82213ea12bb4b9",
            "instance_initiated_shutdown_behavior": "",
            "instance_market_options": [],
            "instance_requirements": [],
            "instance_type": "t2.micro",
            "kernel_id": "",
            "key_name": "ngnix_key",
            "latest_version": 1,
            "license_specification": [],
            "maintenance_options": [],
            "metadata_options": [],
            "monitoring": [],
            "name": "ngnix_launch20221021124201807000000002",
            "name_prefix": "ngnix_launch",
            "network_interfaces": [],
            "placement": [],
            "private_dns_name_options": [],
            "ram_disk_id": "",
            "security_group_names": [],
            "tag_specifications": [],
            "tags": {},
            "tags_all": {},
            "update_default_version": null,
            "user_data": "",
            "vpc_security_group_ids": [
              "sg-04d368e4c6a9f94df"
            ]
          },
          "sensitive_attributes": [],
          "private": "bnVsbA==",
          "dependencies": [
            "module.LT.aws_security_group.nginx_sg",
            "module.LT.module.IAM.aws_iam_instance_profile.nginx_profile",
            "module.LT.module.IAM.aws_iam_role.ngnix_role",
            "module.LT.module.VPC.aws_vpc.main"
          ]
        }
      ]
    },
    {
      "module": "module.LT",
      "mode": "managed",
      "type": "aws_lb_target_group",
      "name": "ngnix_tg",
      "provider": "provider[\"registry.terraform.io/hashicorp/aws\"]",
      "instances": [
        {
          "schema_version": 0,
          "attributes": {
            "arn": "arn:aws:elasticloadbalancing:us-west-2:402175803843:targetgroup/ngnix-tg/51ab2ac7ad46b93d",
            "arn_suffix": "targetgroup/ngnix-tg/51ab2ac7ad46b93d",
            "connection_termination": false,
            "deregistration_delay": "300",
            "health_check": [
              {
                "enabled": true,
                "healthy_threshold": 5,
                "interval": 30,
                "matcher": "200,202",
                "path": "/",
                "port": "80",
                "protocol": "HTTP",
                "timeout": 5,
                "unhealthy_threshold": 5
              }
            ],
            "id": "arn:aws:elasticloadbalancing:us-west-2:402175803843:targetgroup/ngnix-tg/51ab2ac7ad46b93d",
            "ip_address_type": null,
            "lambda_multi_value_headers_enabled": false,
            "load_balancing_algorithm_type": "round_robin",
            "name": "ngnix-tg",
            "name_prefix": null,
            "port": 80,
            "preserve_client_ip": null,
            "protocol": "HTTP",
            "protocol_version": "HTTP1",
            "proxy_protocol_v2": false,
            "slow_start": 0,
            "stickiness": [
              {
                "cookie_duration": 86400,
                "cookie_name": "",
                "enabled": false,
                "type": "lb_cookie"
              }
            ],
            "tags": {},
            "tags_all": {},
            "target_type": "instance",
            "vpc_id": "vpc-02f8d73cb16355dee"
          },
          "sensitive_attributes": [],
          "private": "bnVsbA==",
          "dependencies": [
            "module.LT.module.VPC.aws_vpc.main"
          ]
        }
      ]
    },
    {
      "module": "module.LT",
      "mode": "managed",
      "type": "aws_security_group",
      "name": "nginx_sg",
      "provider": "provider[\"registry.terraform.io/hashicorp/aws\"]",
      "instances": [
        {
          "schema_version": 1,
          "attributes": {
            "arn": "arn:aws:ec2:us-west-2:402175803843:security-group/sg-04d368e4c6a9f94df",
            "description": "Allow inbound traffic",
            "egress": [
              {
                "cidr_blocks": [
                  "0.0.0.0/0"
                ],
                "description": "",
                "from_port": 0,
                "ipv6_cidr_blocks": [],
                "prefix_list_ids": [],
                "protocol": "-1",
                "security_groups": [],
                "self": false,
                "to_port": 0
              }
            ],
            "id": "sg-04d368e4c6a9f94df",
            "ingress": [
              {
                "cidr_blocks": [
                  "0.0.0.0/0"
                ],
                "description": "",
                "from_port": 22,
                "ipv6_cidr_blocks": [],
                "prefix_list_ids": [],
                "protocol": "tcp",
                "security_groups": [],
                "self": false,
                "to_port": 22
              },
              {
                "cidr_blocks": [
                  "0.0.0.0/0"
                ],
                "description": "",
                "from_port": 443,
                "ipv6_cidr_blocks": [],
                "prefix_list_ids": [],
                "protocol": "tcp",
                "security_groups": [],
                "self": false,
                "to_port": 443
              },
              {
                "cidr_blocks": [
                  "0.0.0.0/0"
                ],
                "description": "",
                "from_port": 80,
                "ipv6_cidr_blocks": [],
                "prefix_list_ids": [],
                "protocol": "tcp",
                "security_groups": [],
                "self": false,
                "to_port": 80
              }
            ],
            "name": "ngnix_sg1",
            "name_prefix": "",
            "owner_id": "402175803843",
            "revoke_rules_on_delete": false,
            "tags": {
              "Name": "ngnix-sg"
            },
            "tags_all": {
              "Name": "ngnix-sg"
            },
            "timeouts": null,
            "vpc_id": "vpc-02f8d73cb16355dee"
          },
          "sensitive_attributes": [],
          "private": "eyJlMmJmYjczMC1lY2FhLTExZTYtOGY4OC0zNDM2M2JjN2M0YzAiOnsiY3JlYXRlIjo2MDAwMDAwMDAwMDAsImRlbGV0ZSI6OTAwMDAwMDAwMDAwfSwic2NoZW1hX3ZlcnNpb24iOiIxIn0=",
          "dependencies": [
            "module.LT.module.VPC.aws_vpc.main"
          ]
        }
      ]
    },
    {
      "module": "module.LT.module.IAM",
      "mode": "managed",
      "type": "aws_iam_instance_profile",
      "name": "nginx_profile",
      "provider": "provider[\"registry.terraform.io/hashicorp/aws\"]",
      "instances": [
        {
          "schema_version": 0,
          "attributes": {
            "arn": "arn:aws:iam::402175803843:instance-profile/nginx_profile",
            "create_date": "2022-10-21T12:41:54Z",
            "id": "nginx_profile",
            "name": "nginx_profile",
            "name_prefix": null,
            "path": "/",
            "role": "ngnix_role",
            "tags": {},
            "tags_all": {},
            "unique_id": "AIPAV3I4LYHBT6F2MELX2"
          },
          "sensitive_attributes": [],
          "private": "bnVsbA==",
          "dependencies": [
            "module.LT.module.IAM.aws_iam_role.ngnix_role"
          ]
        }
      ]
    },
    {
      "module": "module.LT.module.IAM",
      "mode": "managed",
      "type": "aws_iam_role",
      "name": "ngnix_role",
      "provider": "provider[\"registry.terraform.io/hashicorp/aws\"]",
      "instances": [
        {
          "schema_version": 0,
          "attributes": {
            "arn": "arn:aws:iam::402175803843:role/ngnix_role",
            "assume_role_policy": "{\"Statement\":[{\"Action\":\"sts:AssumeRole\",\"Effect\":\"Allow\",\"Principal\":{\"Service\":\"ec2.amazonaws.com\"},\"Sid\":\"\"}],\"Version\":\"2012-10-17\"}",
            "create_date": "2022-10-21T12:41:52Z",
            "description": "",
            "force_detach_policies": false,
            "id": "ngnix_role",
            "inline_policy": [],
            "managed_policy_arns": [],
            "max_session_duration": 3600,
            "name": "ngnix_role",
            "name_prefix": "",
            "path": "/",
            "permissions_boundary": null,
            "tags": {},
            "tags_all": {},
            "unique_id": "AROAV3I4LYHBZBC74WD6U"
          },
          "sensitive_attributes": [],
          "private": "bnVsbA=="
        }
      ]
    },
    {
      "module": "module.LT.module.VPC",
      "mode": "managed",
      "type": "aws_subnet",
      "name": "public_subnetA",
      "provider": "provider[\"registry.terraform.io/hashicorp/aws\"]",
      "instances": [
        {
          "schema_version": 1,
          "attributes": {
            "arn": "arn:aws:ec2:us-west-2:402175803843:subnet/subnet-0e477a99c84ea0547",
            "assign_ipv6_address_on_creation": false,
            "availability_zone": "us-west-2b",
            "availability_zone_id": "usw2-az1",
            "cidr_block": "10.0.1.0/24",
            "customer_owned_ipv4_pool": "",
            "enable_dns64": false,
            "enable_resource_name_dns_a_record_on_launch": false,
            "enable_resource_name_dns_aaaa_record_on_launch": false,
            "id": "subnet-0e477a99c84ea0547",
            "ipv6_cidr_block": "",
            "ipv6_cidr_block_association_id": "",
            "ipv6_native": false,
            "map_customer_owned_ip_on_launch": false,
            "map_public_ip_on_launch": true,
            "outpost_arn": "",
            "owner_id": "402175803843",
            "private_dns_hostname_type_on_launch": "ip-name",
            "tags": {
              "Name": "public_subnetA"
            },
            "tags_all": {
              "Name": "public_subnetA"
            },
            "timeouts": null,
            "vpc_id": "vpc-02f8d73cb16355dee"
          },
          "sensitive_attributes": [],
          "private": "eyJlMmJmYjczMC1lY2FhLTExZTYtOGY4OC0zNDM2M2JjN2M0YzAiOnsiY3JlYXRlIjo2MDAwMDAwMDAwMDAsImRlbGV0ZSI6MTIwMDAwMDAwMDAwMH0sInNjaGVtYV92ZXJzaW9uIjoiMSJ9",
          "dependencies": [
            "module.LT.module.VPC.aws_vpc.main"
          ]
        }
      ]
    },
    {
      "module": "module.LT.module.VPC",
      "mode": "managed",
      "type": "aws_subnet",
      "name": "public_subnetB",
      "provider": "provider[\"registry.terraform.io/hashicorp/aws\"]",
      "instances": [
        {
          "schema_version": 1,
          "attributes": {
            "arn": "arn:aws:ec2:us-west-2:402175803843:subnet/subnet-035ed6dc6aef46514",
            "assign_ipv6_address_on_creation": false,
            "availability_zone": "us-west-2c",
            "availability_zone_id": "usw2-az3",
            "cidr_block": "10.0.2.0/24",
            "customer_owned_ipv4_pool": "",
            "enable_dns64": false,
            "enable_resource_name_dns_a_record_on_launch": false,
            "enable_resource_name_dns_aaaa_record_on_launch": false,
            "id": "subnet-035ed6dc6aef46514",
            "ipv6_cidr_block": "",
            "ipv6_cidr_block_association_id": "",
            "ipv6_native": false,
            "map_customer_owned_ip_on_launch": false,
            "map_public_ip_on_launch": true,
            "outpost_arn": "",
            "owner_id": "402175803843",
            "private_dns_hostname_type_on_launch": "ip-name",
            "tags": {
              "Name": "public_subnetB"
            },
            "tags_all": {
              "Name": "public_subnetB"
            },
            "timeouts": null,
            "vpc_id": "vpc-02f8d73cb16355dee"
          },
          "sensitive_attributes": [],
          "private": "eyJlMmJmYjczMC1lY2FhLTExZTYtOGY4OC0zNDM2M2JjN2M0YzAiOnsiY3JlYXRlIjo2MDAwMDAwMDAwMDAsImRlbGV0ZSI6MTIwMDAwMDAwMDAwMH0sInNjaGVtYV92ZXJzaW9uIjoiMSJ9",
          "dependencies": [
            "module.LT.module.VPC.aws_vpc.main"
          ]
        }
      ]
    },
    {
      "module": "module.LT.module.VPC",
      "mode": "managed",
      "type": "aws_vpc",
      "name": "main",
      "provider": "provider[\"registry.terraform.io/hashicorp/aws\"]",
      "instances": [
        {
          "schema_version": 1,
          "attributes": {
            "arn": "arn:aws:ec2:us-west-2:402175803843:vpc/vpc-02f8d73cb16355dee",
            "assign_generated_ipv6_cidr_block": false,
            "cidr_block": "10.0.0.0/16",
            "default_network_acl_id": "acl-09b0db1194768e2de",
            "default_route_table_id": "rtb-0b271b2793175c463",
            "default_security_group_id": "sg-00e9051e6573156d5",
            "dhcp_options_id": "dopt-06fe287e1fbe2029c",
            "enable_classiclink": false,
            "enable_classiclink_dns_support": false,
            "enable_dns_hostnames": false,
            "enable_dns_support": true,
            "enable_network_address_usage_metrics": false,
            "id": "vpc-02f8d73cb16355dee",
            "instance_tenancy": "default",
            "ipv4_ipam_pool_id": null,
            "ipv4_netmask_length": null,
            "ipv6_association_id": "",
            "ipv6_cidr_block": "",
            "ipv6_cidr_block_network_border_group": "",
            "ipv6_ipam_pool_id": "",
            "ipv6_netmask_length": 0,
            "main_route_table_id": "rtb-0b271b2793175c463",
            "owner_id": "402175803843",
            "tags": {
              "Name": "ngnix_main_vpc"
            },
            "tags_all": {
              "Name": "ngnix_main_vpc"
            }
          },
          "sensitive_attributes": [],
          "private": "eyJzY2hlbWFfdmVyc2lvbiI6IjEifQ=="
        }
      ]
    },
    {
      "module": "module.LT.module.autoscale_dns",
      "mode": "data",
      "type": "aws_iam_policy_document",
      "name": "lifecycle",
      "provider": "provider[\"registry.terraform.io/hashicorp/aws\"]",
      "instances": [
        {
          "schema_version": 0,
          "attributes": {
            "id": "1696731479",
            "json": "{\n  \"Version\": \"2012-10-17\",\n  \"Statement\": [\n    {\n      \"Sid\": \"\",\n      \"Effect\": \"Allow\",\n      \"Action\": \"sts:AssumeRole\",\n      \"Principal\": {\n        \"Service\": \"autoscaling.amazonaws.com\"\n      }\n    }\n  ]\n}",
            "override_json": null,
            "override_policy_documents": null,
            "policy_id": null,
            "source_json": null,
            "source_policy_documents": null,
            "statement": [
              {
                "actions": [
                  "sts:AssumeRole"
                ],
                "condition": [],
                "effect": "Allow",
                "not_actions": [],
                "not_principals": [],
                "not_resources": [],
                "principals": [
                  {
                    "identifiers": [
                      "autoscaling.amazonaws.com"
                    ],
                    "type": "Service"
                  }
                ],
                "resources": [],
                "sid": ""
              }
            ],
            "version": "2012-10-17"
          },
          "sensitive_attributes": []
        }
      ]
    },
    {
      "module": "module.LT.module.autoscale_dns",
      "mode": "managed",
      "type": "aws_iam_role",
      "name": "lifecycle",
      "provider": "provider[\"registry.terraform.io/hashicorp/aws\"]",
      "instances": [
        {
          "schema_version": 0,
          "attributes": {
            "arn": "arn:aws:iam::402175803843:role/ngnix_main_vpc-my_ngnix_asg_handler-lifecycle",
            "assume_role_policy": "{\"Statement\":[{\"Action\":\"sts:AssumeRole\",\"Effect\":\"Allow\",\"Principal\":{\"Service\":\"autoscaling.amazonaws.com\"},\"Sid\":\"\"}],\"Version\":\"2012-10-17\"}",
            "create_date": "2022-10-21T12:41:53Z",
            "description": "",
            "force_detach_policies": false,
            "id": "ngnix_main_vpc-my_ngnix_asg_handler-lifecycle",
            "inline_policy": [
              {
                "name": "ngnix_main_vpc-my_ngnix_asg_handler-lifecycle",
                "policy": "{\n  \"Version\": \"2012-10-17\",\n  \"Statement\": [\n    {\n      \"Sid\": \"\",\n      \"Effect\": \"Allow\",\n      \"Action\": [\n        \"sns:Publish\",\n        \"autoscaling:CompleteLifecycleAction\"\n      ],\n      \"Resource\": \"arn:aws:sns:us-west-2:402175803843:ngnix_main_vpc-my_ngnix_asg_handler\"\n    }\n  ]\n}"
              }
            ],
            "managed_policy_arns": [],
            "max_session_duration": 3600,
            "name": "ngnix_main_vpc-my_ngnix_asg_handler-lifecycle",
            "name_prefix": "",
            "path": "/",
            "permissions_boundary": null,
            "tags": {},
            "tags_all": {},
            "unique_id": "AROAV3I4LYHBSDZVSIMHM"
          },
          "sensitive_attributes": [],
          "private": "bnVsbA==",
          "dependencies": [
            "module.LT.module.autoscale_dns.data.aws_iam_policy_document.lifecycle"
          ]
        }
      ]
    },
    {
      "module": "module.LT.module.autoscale_dns",
      "mode": "managed",
      "type": "aws_sns_topic",
      "name": "autoscale_handling",
      "provider": "provider[\"registry.terraform.io/hashicorp/aws\"]",
      "instances": [
        {
          "schema_version": 0,
          "attributes": {
            "application_failure_feedback_role_arn": "",
            "application_success_feedback_role_arn": "",
            "application_success_feedback_sample_rate": 0,
            "arn": "arn:aws:sns:us-west-2:402175803843:ngnix_main_vpc-my_ngnix_asg_handler",
            "content_based_deduplication": false,
            "delivery_policy": "",
            "display_name": "",
            "fifo_topic": false,
            "firehose_failure_feedback_role_arn": "",
            "firehose_success_feedback_role_arn": "",
            "firehose_success_feedback_sample_rate": 0,
            "http_failure_feedback_role_arn": "",
            "http_success_feedback_role_arn": "",
            "http_success_feedback_sample_rate": 0,
            "id": "arn:aws:sns:us-west-2:402175803843:ngnix_main_vpc-my_ngnix_asg_handler",
            "kms_master_key_id": "",
            "lambda_failure_feedback_role_arn": "",
            "lambda_success_feedback_role_arn": "",
            "lambda_success_feedback_sample_rate": 0,
            "name": "ngnix_main_vpc-my_ngnix_asg_handler",
            "name_prefix": "",
            "owner": "402175803843",
            "policy": "{\"Version\":\"2008-10-17\",\"Id\":\"__default_policy_ID\",\"Statement\":[{\"Sid\":\"__default_statement_ID\",\"Effect\":\"Allow\",\"Principal\":{\"AWS\":\"*\"},\"Action\":[\"SNS:GetTopicAttributes\",\"SNS:SetTopicAttributes\",\"SNS:AddPermission\",\"SNS:RemovePermission\",\"SNS:DeleteTopic\",\"SNS:Subscribe\",\"SNS:ListSubscriptionsByTopic\",\"SNS:Publish\"],\"Resource\":\"arn:aws:sns:us-west-2:402175803843:ngnix_main_vpc-my_ngnix_asg_handler\",\"Condition\":{\"StringEquals\":{\"AWS:SourceOwner\":\"402175803843\"}}}]}",
            "sqs_failure_feedback_role_arn": "",
            "sqs_success_feedback_role_arn": "",
            "sqs_success_feedback_sample_rate": 0,
            "tags": {},
            "tags_all": {}
          },
          "sensitive_attributes": [],
          "private": "bnVsbA=="
        }
      ]
    }
  ],
  "check_results": []
}
